
Microsoft Visual Studio Solution File, Format Version 12.00
# Visual Studio 2012
Project("{FAE04EC0-301F-11D3-BF4B-00C04F79EFBC}") = "Panda.Mobile.Web", "Panda.Mobile.Web\Panda.Mobile.Web.csproj", "{03EDF50B-39D2-4835-8CE4-C622D2ECAEF8}"
EndProject
Project("{FAE04EC0-301F-11D3-BF4B-00C04F79EFBC}") = "Panda.Mobile.Web.Tests", "Panda.Mobile.Web.Tests\Panda.Mobile.Web.Tests.csproj", "{C27EB145-C76E-4EE7-B0CD-34BFE7AAAA69}"
EndProject
Global
	GlobalSection(SolutionConfigurationPlatforms) = preSolution
		Debug|Any CPU = Debug|Any CPU
		Release|Any CPU = Release|Any CPU
	EndGlobalSection
	GlobalSection(ProjectConfigurationPlatforms) = postSolution
		{03EDF50B-39D2-4835-8CE4-C622D2ECAEF8}.Debug|Any CPU.ActiveCfg = Debug|Any CPU
		{03EDF50B-39D2-4835-8CE4-C622D2ECAEF8}.Debug|Any CPU.Build.0 = Debug|Any CPU
		{03EDF50B-39D2-4835-8CE4-C622D2ECAEF8}.Release|Any CPU.ActiveCfg = Release|Any CPU
		{03EDF50B-39D2-4835-8CE4-C622D2ECAEF8}.Release|Any CPU.Build.0 = Release|Any CPU
		{C27EB145-C76E-4EE7-B0CD-34BFE7AAAA69}.Debug|Any CPU.ActiveCfg = Debug|Any CPU
		{C27EB145-C76E-4EE7-B0CD-34BFE7AAAA69}.Debug|Any CPU.Build.0 = Debug|Any CPU
		{C27EB145-C76E-4EE7-B0CD-34BFE7AAAA69}.Release|Any CPU.ActiveCfg = Release|Any CPU
		{C27EB145-C76E-4EE7-B0CD-34BFE7AAAA69}.Release|Any CPU.Build.0 = Release|Any CPU
	EndGlobalSection
	GlobalSection(SolutionProperties) = preSolution
		HideSolutionNode = FALSE
	EndGlobalSection
EndGlobal
